
Microsoft Visual Studio Solution File, Format Version 12.00
# Visual Studio Version 16
VisualStudioVersion = 16.0.29326.143
MinimumVisualStudioVersion = 10.0.40219.1
Project("{FAE04EC0-301F-11D3-BF4B-00C04F79EFBC}") = "Game", "Game\Game.csproj", "{A8856C17-CA7E-4E6B-8493-C4DF0E261C18}"
EndProject
Project("{FAE04EC0-301F-11D3-BF4B-00C04F79EFBC}") = "Squashing", "Squashing\Squashing.csproj", "{984D9233-D0BB-47E5-9438-3D72BACCA2D6}"
EndProject
Project("{FAE04EC0-301F-11D3-BF4B-00C04F79EFBC}") = "Word Anagrams", "Word Anagrams\Word Anagrams.csproj", "{E49B0039-D0B3-4E48-8B72-BF91A4C4CBDD}"
EndProject
Global
	GlobalSection(SolutionConfigurationPlatforms) = preSolution
		Debug|Any CPU = Debug|Any CPU
		Release|Any CPU = Release|Any CPU
	EndGlobalSection
	GlobalSection(ProjectConfigurationPlatforms) = postSolution
		{A8856C17-CA7E-4E6B-8493-C4DF0E261C18}.Debug|Any CPU.ActiveCfg = Debug|Any CPU
		{A8856C17-CA7E-4E6B-8493-C4DF0E261C18}.Debug|Any CPU.Build.0 = Debug|Any CPU
		{A8856C17-CA7E-4E6B-8493-C4DF0E261C18}.Release|Any CPU.ActiveCfg = Release|Any CPU
		{A8856C17-CA7E-4E6B-8493-C4DF0E261C18}.Release|Any CPU.Build.0 = Release|Any CPU
		{984D9233-D0BB-47E5-9438-3D72BACCA2D6}.Debug|Any CPU.ActiveCfg = Debug|Any CPU
		{984D9233-D0BB-47E5-9438-3D72BACCA2D6}.Debug|Any CPU.Build.0 = Debug|Any CPU
		{984D9233-D0BB-47E5-9438-3D72BACCA2D6}.Release|Any CPU.ActiveCfg = Release|Any CPU
		{984D9233-D0BB-47E5-9438-3D72BACCA2D6}.Release|Any CPU.Build.0 = Release|Any CPU
		{E49B0039-D0B3-4E48-8B72-BF91A4C4CBDD}.Debug|Any CPU.ActiveCfg = Debug|Any CPU
		{E49B0039-D0B3-4E48-8B72-BF91A4C4CBDD}.Debug|Any CPU.Build.0 = Debug|Any CPU
		{E49B0039-D0B3-4E48-8B72-BF91A4C4CBDD}.Release|Any CPU.ActiveCfg = Release|Any CPU
		{E49B0039-D0B3-4E48-8B72-BF91A4C4CBDD}.Release|Any CPU.Build.0 = Release|Any CPU
	EndGlobalSection
	GlobalSection(SolutionProperties) = preSolution
		HideSolutionNode = FALSE
	EndGlobalSection
	GlobalSection(ExtensibilityGlobals) = postSolution
		SolutionGuid = {0D281568-46A5-4738-8261-516CB817B45F}
	EndGlobalSection
EndGlobal
